{
  "name": "now-playing-overlay",
  "version": "1.0.0",
  "lockfileVersion": 3,
  "requires": true,
  "packages": {
    "": {
      "name": "now-playing-overlay",
      "version": "1.0.0",
      "dependencies": {
        "win-media-control": "^0.1.1",
        "ws": "^8.20.0"
      }
    },
    "node_modules/win-media-control": {
      "version": "0.1.1",
      "resolved": "https://registry.npmjs.org/win-media-control/-/win-media-control-0.1.1.tgz",
      "integrity": "sha512-fRpSAXwvap+BzCwb4MzsezesU7fOKz1zQhgYOw43QIzAHf3+9vHTy3WK9v1e+bv5AEjzBc73wvsV8DHF/+HpaQ==",
      "license": "MIT",
      "os": [
        "win32"
      ],
      "bin": {
        "win-media-control": "bin/win-media-control.js"
      },
      "engines": {
        "node": ">=14.0.0"
      }
    },
    "node_modules/ws": {
      "version": "8.20.0",
      "resolved": "https://registry.npmjs.org/ws/-/ws-8.20.0.tgz",
      "integrity": "sha512-sAt8BhgNbzCtgGbt2OxmpuryO63ZoDk/sqaB/znQm94T4fCEsy/yV+7CdC1kJhOU9lboAEU7R3kquuycDoibVA==",
      "license": "MIT",
      "engines": {
        "node": ">=10.0.0"
      },
      "peerDependencies": {
        "bufferutil": "^4.0.1",
        "utf-8-validate": ">=5.0.2"
      },
      "peerDependenciesMeta": {
        "bufferutil": {
          "optional": true
        },
        "utf-8-validate": {
          "optional": true
        }
      }
    }
  }
}
